
Microsoft Visual Studio Solution File, Format Version 12.00
# Visual Studio Version 17
VisualStudioVersion = 17.8.34408.163
MinimumVisualStudioVersion = 10.0.40219.1
Project("{FAE04EC0-301F-11D3-BF4B-00C04F79EFBC}") = "GLaDOSOS", "GLaDOSOS.csproj", "{C8733134-50BC-4EC4-8008-A12A270B35E7}"
EndProject
Global
	GlobalSection(SolutionConfigurationPlatforms) = preSolution
		Debug|Any CPU = Debug|Any CPU
		Release|Any CPU = Release|Any CPU
	EndGlobalSection
	GlobalSection(ProjectConfigurationPlatforms) = postSolution
		{C8733134-50BC-4EC4-8008-A12A270B35E7}.Debug|Any CPU.ActiveCfg = Debug|Any CPU
		{C8733134-50BC-4EC4-8008-A12A270B35E7}.Debug|Any CPU.Build.0 = Debug|Any CPU
		{C8733134-50BC-4EC4-8008-A12A270B35E7}.Release|Any CPU.ActiveCfg = Release|Any CPU
		{C8733134-50BC-4EC4-8008-A12A270B35E7}.Release|Any CPU.Build.0 = Release|Any CPU
	EndGlobalSection
	GlobalSection(SolutionProperties) = preSolution
		HideSolutionNode = FALSE
	EndGlobalSection
	GlobalSection(ExtensibilityGlobals) = postSolution
		SolutionGuid = {EA8B1CDF-F16B-43DE-BF7B-3410E5733598}
	EndGlobalSection
EndGlobal
